// !$*UTF8*$!
{
	archiveVersion = 1;
	classes = {
	};
	objectVersion = 46;
	objects = {

/* Begin PBXBuildFile section */
		9A5FDA7F19B5FB9A00B3C300 /* Preset.png in Resources */ = {isa = PBXBuildFile; fileRef = 9A5FDA7E19B5FB9A00B3C300 /* Preset.png */; };
		9A659BDA19B6B91900C30CE2 /* MsgEmpty.png in Resources */ = {isa = PBXBuildFile; fileRef = 9A659BD819B6B91900C30CE2 /* MsgEmpty.png */; };
		9A659BDB19B6B91900C30CE2 /* MsgNew.png in Resources */ = {isa = PBXBuildFile; fileRef = 9A659BD919B6B91900C30CE2 /* MsgNew.png */; };
		9A659BDD19B6BC1800C30CE2 /* HideMenu.png in Resources */ = {isa = PBXBuildFile; fileRef = 9A659BDC19B6BC1800C30CE2 /* HideMenu.png */; };
		9A659BDF19B6BC2000C30CE2 /* ShowMenu.png in Resources */ = {isa = PBXBuildFile; fileRef = 9A659BDE19B6BC2000C30CE2 /* ShowMenu.png */; };
		9A659BE119B6BCE300C30CE2 /* Connect.png in Resources */ = {isa = PBXBuildFile; fileRef = 9A659BE019B6BCE300C30CE2 /* Connect.png */; };
		9A659BEB19B6DE9A00C30CE2 /* SystemContainerViewController.m in Sources */ = {isa = PBXBuildFile; fileRef = 9A659BEA19B6DE9A00C30CE2 /* SystemContainerViewController.m */; };
		9A659BED19B7008500C30CE2 /* System.png in Resources */ = {isa = PBXBuildFile; fileRef = 9A659BEC19B7008500C30CE2 /* System.png */; };
		9A726F4E19C1880000CDF55D /* MsgMasterNavigationViewController.m in Sources */ = {isa = PBXBuildFile; fileRef = 9A726F4D19C1880000CDF55D /* MsgMasterNavigationViewController.m */; };
		9A726F5219C188C200CDF55D /* MsgDetailTableViewController.m in Sources */ = {isa = PBXBuildFile; fileRef = 9A726F5119C188C200CDF55D /* MsgDetailTableViewController.m */; };
		9A726F5B19C19FC000CDF55D /* SystemMasterNavigationViewController.m in Sources */ = {isa = PBXBuildFile; fileRef = 9A726F5819C19FC000CDF55D /* SystemMasterNavigationViewController.m */; };
		9A726F5C19C19FC000CDF55D /* SystemMasterTableViewController.m in Sources */ = {isa = PBXBuildFile; fileRef = 9A726F5A19C19FC000CDF55D /* SystemMasterTableViewController.m */; };
		9A726F6319C19FDE00CDF55D /* SystemDetailContainerViewController.m in Sources */ = {isa = PBXBuildFile; fileRef = 9A726F5E19C19FDE00CDF55D /* SystemDetailContainerViewController.m */; };
		9A726F6419C19FDE00CDF55D /* SystemDetailNavigationViewController.m in Sources */ = {isa = PBXBuildFile; fileRef = 9A726F6019C19FDE00CDF55D /* SystemDetailNavigationViewController.m */; };
		9A726F6519C19FDE00CDF55D /* SystemDetailTableViewController.m in Sources */ = {isa = PBXBuildFile; fileRef = 9A726F6219C19FDE00CDF55D /* SystemDetailTableViewController.m */; };
		9A726F6819C19FEE00CDF55D /* SystemSplitViewController.m in Sources */ = {isa = PBXBuildFile; fileRef = 9A726F6719C19FEE00CDF55D /* SystemSplitViewController.m */; };
		9A7422A519BDD2E400A251ED /* MsgDetailContainerViewController.m in Sources */ = {isa = PBXBuildFile; fileRef = 9A7422A419BDD2E400A251ED /* MsgDetailContainerViewController.m */; };
		9A7422A719BDDBC900A251ED /* MSAList.plist in Resources */ = {isa = PBXBuildFile; fileRef = 9A7422A619BDDBC900A251ED /* MSAList.plist */; };
		9A90589919C08EFD00B0B6AB /* MsgSplitViewController.m in Sources */ = {isa = PBXBuildFile; fileRef = 9A90589819C08EFD00B0B6AB /* MsgSplitViewController.m */; };
		9A953EE319AD84E7005467A1 /* ConnectViewController.m in Sources */ = {isa = PBXBuildFile; fileRef = 9A953EDC19AD84E7005467A1 /* ConnectViewController.m */; };
		9A953EE419AD84E7005467A1 /* DisplayViewController.m in Sources */ = {isa = PBXBuildFile; fileRef = 9A953EDE19AD84E7005467A1 /* DisplayViewController.m */; };
		9A953EE619AD84E7005467A1 /* MenuViewController.m in Sources */ = {isa = PBXBuildFile; fileRef = 9A953EE219AD84E7005467A1 /* MenuViewController.m */; };
		9A953EE919ADCBB6005467A1 /* ShareSettings.m in Sources */ = {isa = PBXBuildFile; fileRef = 9A953EE819ADCBB6005467A1 /* ShareSettings.m */; };
		9A9C670E19AD6C81007D3248 /* main.m in Sources */ = {isa = PBXBuildFile; fileRef = 9A9C670D19AD6C81007D3248 /* main.m */; };
		9A9C671119AD6C81007D3248 /* AppDelegate.m in Sources */ = {isa = PBXBuildFile; fileRef = 9A9C671019AD6C81007D3248 /* AppDelegate.m */; };
		9A9C671419AD6C81007D3248 /* MSA.xcdatamodeld in Sources */ = {isa = PBXBuildFile; fileRef = 9A9C671219AD6C81007D3248 /* MSA.xcdatamodeld */; };
		9A9C671719AD6C81007D3248 /* ContainerViewController.m in Sources */ = {isa = PBXBuildFile; fileRef = 9A9C671619AD6C81007D3248 /* ContainerViewController.m */; };
		9A9C671A19AD6C81007D3248 /* Main.storyboard in Resources */ = {isa = PBXBuildFile; fileRef = 9A9C671819AD6C81007D3248 /* Main.storyboard */; };
		9A9C671C19AD6C81007D3248 /* Images.xcassets in Resources */ = {isa = PBXBuildFile; fileRef = 9A9C671B19AD6C81007D3248 /* Images.xcassets */; };
		9A9C672819AD6C81007D3248 /* MSATests.m in Sources */ = {isa = PBXBuildFile; fileRef = 9A9C672719AD6C81007D3248 /* MSATests.m */; };
		9A9FFE7E19C0430800F76D38 /* MsgDetailNavigationViewController.m in Sources */ = {isa = PBXBuildFile; fileRef = 9A9FFE7D19C0430800F76D38 /* MsgDetailNavigationViewController.m */; };
		9A9FFE8819C04FAB00F76D38 /* MsgError.png in Resources */ = {isa = PBXBuildFile; fileRef = 9A9FFE8519C04FAB00F76D38 /* MsgError.png */; };
		9A9FFE8919C04FAB00F76D38 /* MsgInfo.png in Resources */ = {isa = PBXBuildFile; fileRef = 9A9FFE8619C04FAB00F76D38 /* MsgInfo.png */; };
		9A9FFE8A19C04FAB00F76D38 /* MsgWarning.png in Resources */ = {isa = PBXBuildFile; fileRef = 9A9FFE8719C04FAB00F76D38 /* MsgWarning.png */; };
		9AAE0EBA19B466EF004D9146 /* MsgContainerViewController.m in Sources */ = {isa = PBXBuildFile; fileRef = 9AAE0EB919B466EF004D9146 /* MsgContainerViewController.m */; };
		9AC5448D19B1F73500A7F334 /* HideBar.png in Resources */ = {isa = PBXBuildFile; fileRef = 9AC5448C19B1F73500A7F334 /* HideBar.png */; };
		9AC5448F19B1F74300A7F334 /* ShowBar.png in Resources */ = {isa = PBXBuildFile; fileRef = 9AC5448E19B1F74300A7F334 /* ShowBar.png */; };
		9ACA2EB919BD4651005542B5 /* MsgMasterTableViewController.m in Sources */ = {isa = PBXBuildFile; fileRef = 9ACA2EB819BD4651005542B5 /* MsgMasterTableViewController.m */; };
		9AF7001119B81FE5000A69A5 /* Return.png in Resources */ = {isa = PBXBuildFile; fileRef = 9AF7001019B81FE5000A69A5 /* Return.png */; };
/* End PBXBuildFile section */

/* Begin PBXContainerItemProxy section */
		9A9C672219AD6C81007D3248 /* PBXContainerItemProxy */ = {
			isa = PBXContainerItemProxy;
			containerPortal = 9A9C670019AD6C80007D3248 /* Project object */;
			proxyType = 1;
			remoteGlobalIDString = 9A9C670719AD6C81007D3248;
			remoteInfo = MSA;
		};
/* End PBXContainerItemProxy section */

/* Begin PBXFileReference section */
		9A5FDA7E19B5FB9A00B3C300 /* Preset.png */ = {isa = PBXFileReference; lastKnownFileType = image.png; name = Preset.png; path = Images/32/Preset.png; sourceTree = "<group>"; };
		9A659BD819B6B91900C30CE2 /* MsgEmpty.png */ = {isa = PBXFileReference; lastKnownFileType = image.png; name = MsgEmpty.png; path = Images/32/MsgEmpty.png; sourceTree = "<group>"; };
		9A659BD919B6B91900C30CE2 /* MsgNew.png */ = {isa = PBXFileReference; lastKnownFileType = image.png; name = MsgNew.png; path = Images/32/MsgNew.png; sourceTree = "<group>"; };
		9A659BDC19B6BC1800C30CE2 /* HideMenu.png */ = {isa = PBXFileReference; lastKnownFileType = image.png; name = HideMenu.png; path = Images/32/HideMenu.png; sourceTree = "<group>"; };
		9A659BDE19B6BC2000C30CE2 /* ShowMenu.png */ = {isa = PBXFileReference; lastKnownFileType = image.png; name = ShowMenu.png; path = Images/32/ShowMenu.png; sourceTree = "<group>"; };
		9A659BE019B6BCE300C30CE2 /* Connect.png */ = {isa = PBXFileReference; lastKnownFileType = image.png; name = Connect.png; path = Images/32/Connect.png; sourceTree = "<group>"; };
		9A659BE919B6DE9A00C30CE2 /* SystemContainerViewController.h */ = {isa = PBXFileReference; fileEncoding = 4; lastKnownFileType = sourcecode.c.h; name = SystemContainerViewController.h; path = ViewControllers/SystemContainerViewController.h; sourceTree = "<group>"; };
		9A659BEA19B6DE9A00C30CE2 /* SystemContainerViewController.m */ = {isa = PBXFileReference; fileEncoding = 4; lastKnownFileType = sourcecode.c.objc; name = SystemContainerViewController.m; path = ViewControllers/SystemContainerViewController.m; sourceTree = "<group>"; };
		9A659BEC19B7008500C30CE2 /* System.png */ = {isa = PBXFileReference; lastKnownFileType = image.png; name = System.png; path = Images/32/System.png; sourceTree = "<group>"; };
		9A726F4D19C1880000CDF55D /* MsgMasterNavigationViewController.m */ = {isa = PBXFileReference; fileEncoding = 4; lastKnownFileType = sourcecode.c.objc; name = MsgMasterNavigationViewController.m; path = ViewControllers/Msg/MsgMasterNavigationViewController.m; sourceTree = "<group>"; };
		9A726F4F19C1881C00CDF55D /* MsgMasterNavigationViewController.h */ = {isa = PBXFileReference; lastKnownFileType = sourcecode.c.h; name = MsgMasterNavigationViewController.h; path = ViewControllers/Msg/MsgMasterNavigationViewController.h; sourceTree = "<group>"; };
		9A726F5019C188C200CDF55D /* MsgDetailTableViewController.h */ = {isa = PBXFileReference; fileEncoding = 4; lastKnownFileType = sourcecode.c.h; name = MsgDetailTableViewController.h; path = ViewControllers/Msg/MsgDetailTableViewController.h; sourceTree = "<group>"; };
		9A726F5119C188C200CDF55D /* MsgDetailTableViewController.m */ = {isa = PBXFileReference; fileEncoding = 4; lastKnownFileType = sourcecode.c.objc; name = MsgDetailTableViewController.m; path = ViewControllers/Msg/MsgDetailTableViewController.m; sourceTree = "<group>"; };
		9A726F5719C19FC000CDF55D /* SystemMasterNavigationViewController.h */ = {isa = PBXFileReference; fileEncoding = 4; lastKnownFileType = sourcecode.c.h; name = SystemMasterNavigationViewController.h; path = ViewControllers/System/SystemMasterNavigationViewController.h; sourceTree = "<group>"; };
		9A726F5819C19FC000CDF55D /* SystemMasterNavigationViewController.m */ = {isa = PBXFileReference; fileEncoding = 4; lastKnownFileType = sourcecode.c.objc; name = SystemMasterNavigationViewController.m; path = ViewControllers/System/SystemMasterNavigationViewController.m; sourceTree = "<group>"; };
		9A726F5919C19FC000CDF55D /* SystemMasterTableViewController.h */ = {isa = PBXFileReference; fileEncoding = 4; lastKnownFileType = sourcecode.c.h; name = SystemMasterTableViewController.h; path = ViewControllers/System/SystemMasterTableViewController.h; sourceTree = "<group>"; };
		9A726F5A19C19FC000CDF55D /* SystemMasterTableViewController.m */ = {isa = PBXFileReference; fileEncoding = 4; lastKnownFileType = sourcecode.c.objc; name = SystemMasterTableViewController.m; path = ViewControllers/System/SystemMasterTableViewController.m; sourceTree = "<group>"; };
		9A726F5D19C19FDE00CDF55D /* SystemDetailContainerViewController.h */ = {isa = PBXFileReference; fileEncoding = 4; lastKnownFileType = sourcecode.c.h; name = SystemDetailContainerViewController.h; path = ViewControllers/System/SystemDetailContainerViewController.h; sourceTree = "<group>"; };
		9A726F5E19C19FDE00CDF55D /* SystemDetailContainerViewController.m */ = {isa = PBXFileReference; fileEncoding = 4; lastKnownFileType = sourcecode.c.objc; name = SystemDetailContainerViewController.m; path = ViewControllers/System/SystemDetailContainerViewController.m; sourceTree = "<group>"; };
		9A726F5F19C19FDE00CDF55D /* SystemDetailNavigationViewController.h */ = {isa = PBXFileReference; fileEncoding = 4; lastKnownFileType = sourcecode.c.h; name = SystemDetailNavigationViewController.h; path = ViewControllers/System/SystemDetailNavigationViewController.h; sourceTree = "<group>"; };
		9A726F6019C19FDE00CDF55D /* SystemDetailNavigationViewController.m */ = {isa = PBXFileReference; fileEncoding = 4; lastKnownFileType = sourcecode.c.objc; name = SystemDetailNavigationViewController.m; path = ViewControllers/System/SystemDetailNavigationViewController.m; sourceTree = "<group>"; };
		9A726F6119C19FDE00CDF55D /* SystemDetailTableViewController.h */ = {isa = PBXFileReference; fileEncoding = 4; lastKnownFileType = sourcecode.c.h; name = SystemDetailTableViewController.h; path = ViewControllers/System/SystemDetailTableViewController.h; sourceTree = "<group>"; };
		9A726F6219C19FDE00CDF55D /* SystemDetailTableViewController.m */ = {isa = PBXFileReference; fileEncoding = 4; lastKnownFileType = sourcecode.c.objc; name = SystemDetailTableViewController.m; path = ViewControllers/System/SystemDetailTableViewController.m; sourceTree = "<group>"; };
		9A726F6619C19FEE00CDF55D /* SystemSplitViewController.h */ = {isa = PBXFileReference; fileEncoding = 4; lastKnownFileType = sourcecode.c.h; name = SystemSplitViewController.h; path = ViewControllers/System/SystemSplitViewController.h; sourceTree = "<group>"; };
		9A726F6719C19FEE00CDF55D /* SystemSplitViewController.m */ = {isa = PBXFileReference; fileEncoding = 4; lastKnownFileType = sourcecode.c.objc; name = SystemSplitViewController.m; path = ViewControllers/System/SystemSplitViewController.m; sourceTree = "<group>"; };
		9A7422A319BDD2E400A251ED /* MsgDetailContainerViewController.h */ = {isa = PBXFileReference; fileEncoding = 4; lastKnownFileType = sourcecode.c.h; name = MsgDetailContainerViewController.h; path = ViewControllers/Msg/MsgDetailContainerViewController.h; sourceTree = "<group>"; };
		9A7422A419BDD2E400A251ED /* MsgDetailContainerViewController.m */ = {isa = PBXFileReference; fileEncoding = 4; lastKnownFileType = sourcecode.c.objc; name = MsgDetailContainerViewController.m; path = ViewControllers/Msg/MsgDetailContainerViewController.m; sourceTree = "<group>"; };
		9A7422A619BDDBC900A251ED /* MSAList.plist */ = {isa = PBXFileReference; fileEncoding = 4; lastKnownFileType = text.plist.xml; name = MSAList.plist; path = ViewControllers/MSAList.plist; sourceTree = "<group>"; };
		9A90589819C08EFD00B0B6AB /* MsgSplitViewController.m */ = {isa = PBXFileReference; fileEncoding = 4; lastKnownFileType = sourcecode.c.objc; name = MsgSplitViewController.m; path = ViewControllers/Msg/MsgSplitViewController.m; sourceTree = "<group>"; };
		9A90589A19C08F1000B0B6AB /* MsgSplitViewController.h */ = {isa = PBXFileReference; lastKnownFileType = sourcecode.c.h; name = MsgSplitViewController.h; path = ViewControllers/Msg/MsgSplitViewController.h; sourceTree = "<group>"; };
		9A953EDB19AD84E7005467A1 /* ConnectViewController.h */ = {isa = PBXFileReference; fileEncoding = 4; lastKnownFileType = sourcecode.c.h; name = ConnectViewController.h; path = ViewControllers/ConnectViewController.h; sourceTree = "<group>"; };
		9A953EDC19AD84E7005467A1 /* ConnectViewController.m */ = {isa = PBXFileReference; fileEncoding = 4; lastKnownFileType = sourcecode.c.objc; name = ConnectViewController.m; path = ViewControllers/ConnectViewController.m; sourceTree = "<group>"; };
		9A953EDD19AD84E7005467A1 /* DisplayViewController.h */ = {isa = PBXFileReference; fileEncoding = 4; lastKnownFileType = sourcecode.c.h; name = DisplayViewController.h; path = ViewControllers/DisplayViewController.h; sourceTree = "<group>"; };
		9A953EDE19AD84E7005467A1 /* DisplayViewController.m */ = {isa = PBXFileReference; fileEncoding = 4; lastKnownFileType = sourcecode.c.objc; name = DisplayViewController.m; path = ViewControllers/DisplayViewController.m; sourceTree = "<group>"; };
		9A953EE119AD84E7005467A1 /* MenuViewController.h */ = {isa = PBXFileReference; fileEncoding = 4; lastKnownFileType = sourcecode.c.h; name = MenuViewController.h; path = ViewControllers/MenuViewController.h; sourceTree = "<group>"; };
		9A953EE219AD84E7005467A1 /* MenuViewController.m */ = {isa = PBXFileReference; fileEncoding = 4; lastKnownFileType = sourcecode.c.objc; name = MenuViewController.m; path = ViewControllers/MenuViewController.m; sourceTree = "<group>"; };
		9A953EE719ADCB99005467A1 /* ShareSettings.h */ = {isa = PBXFileReference; lastKnownFileType = sourcecode.c.h; name = ShareSettings.h; path = ViewControllers/ShareSettings.h; sourceTree = "<group>"; };
		9A953EE819ADCBB6005467A1 /* ShareSettings.m */ = {isa = PBXFileReference; fileEncoding = 4; lastKnownFileType = sourcecode.c.objc; name = ShareSettings.m; path = ViewControllers/ShareSettings.m; sourceTree = "<group>"; };
		9A9C670819AD6C81007D3248 /* MSA.app */ = {isa = PBXFileReference; explicitFileType = wrapper.application; includeInIndex = 0; path = MSA.app; sourceTree = BUILT_PRODUCTS_DIR; };
		9A9C670C19AD6C81007D3248 /* Info.plist */ = {isa = PBXFileReference; lastKnownFileType = text.plist.xml; path = Info.plist; sourceTree = "<group>"; };
		9A9C670D19AD6C81007D3248 /* main.m */ = {isa = PBXFileReference; lastKnownFileType = sourcecode.c.objc; path = main.m; sourceTree = "<group>"; };
		9A9C670F19AD6C81007D3248 /* AppDelegate.h */ = {isa = PBXFileReference; lastKnownFileType = sourcecode.c.h; path = AppDelegate.h; sourceTree = "<group>"; };
		9A9C671019AD6C81007D3248 /* AppDelegate.m */ = {isa = PBXFileReference; lastKnownFileType = sourcecode.c.objc; path = AppDelegate.m; sourceTree = "<group>"; };
		9A9C671319AD6C81007D3248 /* MSA.xcdatamodel */ = {isa = PBXFileReference; lastKnownFileType = wrapper.xcdatamodel; path = MSA.xcdatamodel; sourceTree = "<group>"; };
		9A9C671519AD6C81007D3248 /* ContainerViewController.h */ = {isa = PBXFileReference; lastKnownFileType = sourcecode.c.h; path = ContainerViewController.h; sourceTree = "<group>"; };
		9A9C671619AD6C81007D3248 /* ContainerViewController.m */ = {isa = PBXFileReference; lastKnownFileType = sourcecode.c.objc; path = ContainerViewController.m; sourceTree = "<group>"; };
		9A9C671919AD6C81007D3248 /* Base */ = {isa = PBXFileReference; lastKnownFileType = file.storyboard; name = Base; path = Base.lproj/Main.storyboard; sourceTree = "<group>"; };
		9A9C671B19AD6C81007D3248 /* Images.xcassets */ = {isa = PBXFileReference; lastKnownFileType = folder.assetcatalog; path = Images.xcassets; sourceTree = "<group>"; };
		9A9C672119AD6C81007D3248 /* MSATests.xctest */ = {isa = PBXFileReference; explicitFileType = wrapper.cfbundle; includeInIndex = 0; path = MSATests.xctest; sourceTree = BUILT_PRODUCTS_DIR; };
		9A9C672619AD6C81007D3248 /* Info.plist */ = {isa = PBXFileReference; lastKnownFileType = text.plist.xml; path = Info.plist; sourceTree = "<group>"; };
		9A9C672719AD6C81007D3248 /* MSATests.m */ = {isa = PBXFileReference; lastKnownFileType = sourcecode.c.objc; path = MSATests.m; sourceTree = "<group>"; };
		9A9FFE7C19C0430800F76D38 /* MsgDetailNavigationViewController.h */ = {isa = PBXFileReference; fileEncoding = 4; lastKnownFileType = sourcecode.c.h; name = MsgDetailNavigationViewController.h; path = ViewControllers/Msg/MsgDetailNavigationViewController.h; sourceTree = "<group>"; };
		9A9FFE7D19C0430800F76D38 /* MsgDetailNavigationViewController.m */ = {isa = PBXFileReference; fileEncoding = 4; lastKnownFileType = sourcecode.c.objc; name = MsgDetailNavigationViewController.m; path = ViewControllers/Msg/MsgDetailNavigationViewController.m; sourceTree = "<group>"; };
		9A9FFE8519C04FAB00F76D38 /* MsgError.png */ = {isa = PBXFileReference; lastKnownFileType = image.png; name = MsgError.png; path = Images/24/MsgError.png; sourceTree = "<group>"; };
		9A9FFE8619C04FAB00F76D38 /* MsgInfo.png */ = {isa = PBXFileReference; lastKnownFileType = image.png; name = MsgInfo.png; path = Images/24/MsgInfo.png; sourceTree = "<group>"; };
		9A9FFE8719C04FAB00F76D38 /* MsgWarning.png */ = {isa = PBXFileReference; lastKnownFileType = image.png; name = MsgWarning.png; path = Images/24/MsgWarning.png; sourceTree = "<group>"; };
		9AAE0EB819B466EF004D9146 /* MsgContainerViewController.h */ = {isa = PBXFileReference; fileEncoding = 4; lastKnownFileType = sourcecode.c.h; name = MsgContainerViewController.h; path = ViewControllers/MsgContainerViewController.h; sourceTree = "<group>"; };
		9AAE0EB919B466EF004D9146 /* MsgContainerViewController.m */ = {isa = PBXFileReference; fileEncoding = 4; lastKnownFileType = sourcecode.c.objc; name = MsgContainerViewController.m; path = ViewControllers/MsgContainerViewController.m; sourceTree = "<group>"; };
		9AC5448C19B1F73500A7F334 /* HideBar.png */ = {isa = PBXFileReference; lastKnownFileType = image.png; name = HideBar.png; path = Images/24/HideBar.png; sourceTree = "<group>"; };
		9AC5448E19B1F74300A7F334 /* ShowBar.png */ = {isa = PBXFileReference; lastKnownFileType = image.png; name = ShowBar.png; path = Images/24/ShowBar.png; sourceTree = "<group>"; };
		9ACA2EB819BD4651005542B5 /* MsgMasterTableViewController.m */ = {isa = PBXFileReference; fileEncoding = 4; lastKnownFileType = sourcecode.c.objc; name = MsgMasterTableViewController.m; path = ViewControllers/Msg/MsgMasterTableViewController.m; sourceTree = "<group>"; };
		9ACA2EBA19BD468E005542B5 /* MsgMasterTableViewController.h */ = {isa = PBXFileReference; lastKnownFileType = sourcecode.c.h; name = MsgMasterTableViewController.h; path = ViewControllers/Msg/MsgMasterTableViewController.h; sourceTree = "<group>"; };
		9AF7001019B81FE5000A69A5 /* Return.png */ = {isa = PBXFileReference; lastKnownFileType = image.png; name = Return.png; path = Images/24/Return.png; sourceTree = "<group>"; };
/* End PBXFileReference section */

/* Begin PBXFrameworksBuildPhase section */
		9A9C670519AD6C81007D3248 /* Frameworks */ = {
			isa = PBXFrameworksBuildPhase;
			buildActionMask = 2147483647;
			files = (
			);
			runOnlyForDeploymentPostprocessing = 0;
		};
		9A9C671E19AD6C81007D3248 /* Frameworks */ = {
			isa = PBXFrameworksBuildPhase;
			buildActionMask = 2147483647;
			files = (
			);
			runOnlyForDeploymentPostprocessing = 0;
		};
/* End PBXFrameworksBuildPhase section */

/* Begin PBXGroup section */
		9A5FDA7D19B5FB9200B3C300 /* 32 */ = {
			isa = PBXGroup;
			children = (
				9A659BEC19B7008500C30CE2 /* System.png */,
				9A659BE019B6BCE300C30CE2 /* Connect.png */,
				9A659BDE19B6BC2000C30CE2 /* ShowMenu.png */,
				9A659BDC19B6BC1800C30CE2 /* HideMenu.png */,
				9A659BD819B6B91900C30CE2 /* MsgEmpty.png */,
				9A659BD919B6B91900C30CE2 /* MsgNew.png */,
				9A5FDA7E19B5FB9A00B3C300 /* Preset.png */,
			);
			name = 32;
			sourceTree = "<group>";
		};
		9A659BE419B6BECF00C30CE2 /* 48 */ = {
			isa = PBXGroup;
			children = (
			);
			name = 48;
			sourceTree = "<group>";
		};
		9A726F5319C188D800CDF55D /* Master */ = {
			isa = PBXGroup;
			children = (
				9A726F4F19C1881C00CDF55D /* MsgMasterNavigationViewController.h */,
				9A726F4D19C1880000CDF55D /* MsgMasterNavigationViewController.m */,
				9ACA2EBA19BD468E005542B5 /* MsgMasterTableViewController.h */,
				9ACA2EB819BD4651005542B5 /* MsgMasterTableViewController.m */,
			);
			name = Master;
			sourceTree = "<group>";
		};
		9A726F5419C188E600CDF55D /* Detail */ = {
			isa = PBXGroup;
			children = (
				9A7422A319BDD2E400A251ED /* MsgDetailContainerViewController.h */,
				9A7422A419BDD2E400A251ED /* MsgDetailContainerViewController.m */,
				9A9FFE7C19C0430800F76D38 /* MsgDetailNavigationViewController.h */,
				9A9FFE7D19C0430800F76D38 /* MsgDetailNavigationViewController.m */,
				9A726F5019C188C200CDF55D /* MsgDetailTableViewController.h */,
				9A726F5119C188C200CDF55D /* MsgDetailTableViewController.m */,
			);
			name = Detail;
			sourceTree = "<group>";
		};
		9A726F5519C19FA800CDF55D /* Master */ = {
			isa = PBXGroup;
			children = (
				9A726F5719C19FC000CDF55D /* SystemMasterNavigationViewController.h */,
				9A726F5819C19FC000CDF55D /* SystemMasterNavigationViewController.m */,
				9A726F5919C19FC000CDF55D /* SystemMasterTableViewController.h */,
				9A726F5A19C19FC000CDF55D /* SystemMasterTableViewController.m */,
			);
			name = Master;
			sourceTree = "<group>";
		};
		9A726F5619C19FAF00CDF55D /* Detail */ = {
			isa = PBXGroup;
			children = (
				9A726F5D19C19FDE00CDF55D /* SystemDetailContainerViewController.h */,
				9A726F5E19C19FDE00CDF55D /* SystemDetailContainerViewController.m */,
				9A726F5F19C19FDE00CDF55D /* SystemDetailNavigationViewController.h */,
				9A726F6019C19FDE00CDF55D /* SystemDetailNavigationViewController.m */,
				9A726F6119C19FDE00CDF55D /* SystemDetailTableViewController.h */,
				9A726F6219C19FDE00CDF55D /* SystemDetailTableViewController.m */,
			);
			name = Detail;
			sourceTree = "<group>";
		};
		9A953EDA19AD8436005467A1 /* ViewControllers */ = {
			isa = PBXGroup;
			children = (
				9A9C671819AD6C81007D3248 /* Main.storyboard */,
				9AF7001519B83C60000A69A5 /* System */,
				9AF7001419B83C37000A69A5 /* Msg */,
				9A953EDB19AD84E7005467A1 /* ConnectViewController.h */,
				9A953EDC19AD84E7005467A1 /* ConnectViewController.m */,
				9A953EDD19AD84E7005467A1 /* DisplayViewController.h */,
				9A953EDE19AD84E7005467A1 /* DisplayViewController.m */,
				9A953EE119AD84E7005467A1 /* MenuViewController.h */,
				9A953EE219AD84E7005467A1 /* MenuViewController.m */,
				9A9C671519AD6C81007D3248 /* ContainerViewController.h */,
				9A9C671619AD6C81007D3248 /* ContainerViewController.m */,
			);
			name = ViewControllers;
			sourceTree = "<group>";
		};
		9A9C66FF19AD6C80007D3248 = {
			isa = PBXGroup;
			children = (
				9A9C670A19AD6C81007D3248 /* MSA */,
				9A9C672419AD6C81007D3248 /* MSATests */,
				9A9C670919AD6C81007D3248 /* Products */,
			);
			sourceTree = "<group>";
		};
		9A9C670919AD6C81007D3248 /* Products */ = {
			isa = PBXGroup;
			children = (
				9A9C670819AD6C81007D3248 /* MSA.app */,
				9A9C672119AD6C81007D3248 /* MSATests.xctest */,
			);
			name = Products;
			sourceTree = "<group>";
		};
		9A9C670A19AD6C81007D3248 /* MSA */ = {
			isa = PBXGroup;
			children = (
				9AF7001219B82CAE000A69A5 /* Data */,
				9A953EDA19AD8436005467A1 /* ViewControllers */,
				9A9C673119AD7078007D3248 /* Images */,
				9A9C670F19AD6C81007D3248 /* AppDelegate.h */,
				9A9C671019AD6C81007D3248 /* AppDelegate.m */,
				9A9C671B19AD6C81007D3248 /* Images.xcassets */,
				9A9C671219AD6C81007D3248 /* MSA.xcdatamodeld */,
				9A9C670B19AD6C81007D3248 /* Supporting Files */,
			);
			path = MSA;
			sourceTree = "<group>";
		};
		9A9C670B19AD6C81007D3248 /* Supporting Files */ = {
			isa = PBXGroup;
			children = (
				9A9C670C19AD6C81007D3248 /* Info.plist */,
				9A9C670D19AD6C81007D3248 /* main.m */,
			);
			name = "Supporting Files";
			sourceTree = "<group>";
		};
		9A9C672419AD6C81007D3248 /* MSATests */ = {
			isa = PBXGroup;
			children = (
				9A9C672719AD6C81007D3248 /* MSATests.m */,
				9A9C672519AD6C81007D3248 /* Supporting Files */,
			);
			path = MSATests;
			sourceTree = "<group>";
		};
		9A9C672519AD6C81007D3248 /* Supporting Files */ = {
			isa = PBXGroup;
			children = (
				9A9C672619AD6C81007D3248 /* Info.plist */,
			);
			name = "Supporting Files";
			sourceTree = "<group>";
		};
		9A9C673119AD7078007D3248 /* Images */ = {
			isa = PBXGroup;
			children = (
				9A659BE419B6BECF00C30CE2 /* 48 */,
				9A5FDA7D19B5FB9200B3C300 /* 32 */,
				9A9C673319AD7081007D3248 /* 24 */,
				9A9C673219AD707D007D3248 /* 22 */,
			);
			name = Images;
			sourceTree = "<group>";
		};
		9A9C673219AD707D007D3248 /* 22 */ = {
			isa = PBXGroup;
			children = (
			);
			name = 22;
			sourceTree = "<group>";
		};
		9A9C673319AD7081007D3248 /* 24 */ = {
			isa = PBXGroup;
			children = (
				9A9FFE8519C04FAB00F76D38 /* MsgError.png */,
				9A9FFE8619C04FAB00F76D38 /* MsgInfo.png */,
				9A9FFE8719C04FAB00F76D38 /* MsgWarning.png */,
				9AF7001019B81FE5000A69A5 /* Return.png */,
				9AC5448E19B1F74300A7F334 /* ShowBar.png */,
				9AC5448C19B1F73500A7F334 /* HideBar.png */,
			);
			name = 24;
			sourceTree = "<group>";
		};
		9AF7001219B82CAE000A69A5 /* Data */ = {
			isa = PBXGroup;
			children = (
				9AF7001319B82CC1000A69A5 /* Msg */,
				9A953EE719ADCB99005467A1 /* ShareSettings.h */,
				9A953EE819ADCBB6005467A1 /* ShareSettings.m */,
				9A7422A619BDDBC900A251ED /* MSAList.plist */,
			);
			name = Data;
			sourceTree = "<group>";
		};
		9AF7001319B82CC1000A69A5 /* Msg */ = {
			isa = PBXGroup;
			children = (
			);
			name = Msg;
			sourceTree = "<group>";
		};
		9AF7001419B83C37000A69A5 /* Msg */ = {
			isa = PBXGroup;
			children = (
				9A726F5319C188D800CDF55D /* Master */,
				9A726F5419C188E600CDF55D /* Detail */,
				9AAE0EB819B466EF004D9146 /* MsgContainerViewController.h */,
				9AAE0EB919B466EF004D9146 /* MsgContainerViewController.m */,
				9A90589A19C08F1000B0B6AB /* MsgSplitViewController.h */,
				9A90589819C08EFD00B0B6AB /* MsgSplitViewController.m */,
			);
			name = Msg;
			sourceTree = "<group>";
		};
		9AF7001519B83C60000A69A5 /* System */ = {
			isa = PBXGroup;
			children = (
				9A726F5519C19FA800CDF55D /* Master */,
				9A726F5619C19FAF00CDF55D /* Detail */,
				9A659BE919B6DE9A00C30CE2 /* SystemContainerViewController.h */,
				9A659BEA19B6DE9A00C30CE2 /* SystemContainerViewController.m */,
				9A726F6619C19FEE00CDF55D /* SystemSplitViewController.h */,
				9A726F6719C19FEE00CDF55D /* SystemSplitViewController.m */,
			);
			name = System;
			sourceTree = "<group>";
		};
/* End PBXGroup section */

/* Begin PBXNativeTarget section */
		9A9C670719AD6C81007D3248 /* MSA */ = {
			isa = PBXNativeTarget;
			buildConfigurationList = 9A9C672B19AD6C81007D3248 /* Build configuration list for PBXNativeTarget "MSA" */;
			buildPhases = (
				9A9C670419AD6C81007D3248 /* Sources */,
				9A9C670519AD6C81007D3248 /* Frameworks */,
				9A9C670619AD6C81007D3248 /* Resources */,
			);
			buildRules = (
			);
			dependencies = (
			);
			name = MSA;
			productName = MSA;
			productReference = 9A9C670819AD6C81007D3248 /* MSA.app */;
			productType = "com.apple.product-type.application";
		};
		9A9C672019AD6C81007D3248 /* MSATests */ = {
			isa = PBXNativeTarget;
			buildConfigurationList = 9A9C672E19AD6C81007D3248 /* Build configuration list for PBXNativeTarget "MSATests" */;
			buildPhases = (
				9A9C671D19AD6C81007D3248 /* Sources */,
				9A9C671E19AD6C81007D3248 /* Frameworks */,
				9A9C671F19AD6C81007D3248 /* Resources */,
			);
			buildRules = (
			);
			dependencies = (
				9A9C672319AD6C81007D3248 /* PBXTargetDependency */,
			);
			name = MSATests;
			productName = MSATests;
			productReference = 9A9C672119AD6C81007D3248 /* MSATests.xctest */;
			productType = "com.apple.product-type.bundle.unit-test";
		};
/* End PBXNativeTarget section */

/* Begin PBXProject section */
		9A9C670019AD6C80007D3248 /* Project object */ = {
			isa = PBXProject;
			attributes = {
				LastUpgradeCheck = 0600;
				ORGANIZATIONNAME = KeySight;
				TargetAttributes = {
					9A9C670719AD6C81007D3248 = {
						CreatedOnToolsVersion = 6.0;
					};
					9A9C672019AD6C81007D3248 = {
						CreatedOnToolsVersion = 6.0;
						TestTargetID = 9A9C670719AD6C81007D3248;
					};
				};
			};
			buildConfigurationList = 9A9C670319AD6C80007D3248 /* Build configuration list for PBXProject "MSA" */;
			compatibilityVersion = "Xcode 3.2";
			developmentRegion = English;
			hasScannedForEncodings = 0;
			knownRegions = (
				en,
				Base,
			);
			mainGroup = 9A9C66FF19AD6C80007D3248;
			productRefGroup = 9A9C670919AD6C81007D3248 /* Products */;
			projectDirPath = "";
			projectRoot = "";
			targets = (
				9A9C670719AD6C81007D3248 /* MSA */,
				9A9C672019AD6C81007D3248 /* MSATests */,
			);
		};
/* End PBXProject section */

/* Begin PBXResourcesBuildPhase section */
		9A9C670619AD6C81007D3248 /* Resources */ = {
			isa = PBXResourcesBuildPhase;
			buildActionMask = 2147483647;
			files = (
				9A9FFE8819C04FAB00F76D38 /* MsgError.png in Resources */,
				9A9C671A19AD6C81007D3248 /* Main.storyboard in Resources */,
				9A659BDA19B6B91900C30CE2 /* MsgEmpty.png in Resources */,
				9A659BDB19B6B91900C30CE2 /* MsgNew.png in Resources */,
				9AC5448F19B1F74300A7F334 /* ShowBar.png in Resources */,
				9A659BE119B6BCE300C30CE2 /* Connect.png in Resources */,
				9AF7001119B81FE5000A69A5 /* Return.png in Resources */,
				9A659BED19B7008500C30CE2 /* System.png in Resources */,
				9A9C671C19AD6C81007D3248 /* Images.xcassets in Resources */,
				9AC5448D19B1F73500A7F334 /* HideBar.png in Resources */,
				9A659BDF19B6BC2000C30CE2 /* ShowMenu.png in Resources */,
				9A7422A719BDDBC900A251ED /* MSAList.plist in Resources */,
				9A9FFE8919C04FAB00F76D38 /* MsgInfo.png in Resources */,
				9A5FDA7F19B5FB9A00B3C300 /* Preset.png in Resources */,
				9A9FFE8A19C04FAB00F76D38 /* MsgWarning.png in Resources */,
				9A659BDD19B6BC1800C30CE2 /* HideMenu.png in Resources */,
			);
			runOnlyForDeploymentPostprocessing = 0;
		};
		9A9C671F19AD6C81007D3248 /* Resources */ = {
			isa = PBXResourcesBuildPhase;
			buildActionMask = 2147483647;
			files = (
			);
			runOnlyForDeploymentPostprocessing = 0;
		};
/* End PBXResourcesBuildPhase section */

/* Begin PBXSourcesBuildPhase section */
		9A9C670419AD6C81007D3248 /* Sources */ = {
			isa = PBXSourcesBuildPhase;
			buildActionMask = 2147483647;
			files = (
				9A726F5B19C19FC000CDF55D /* SystemMasterNavigationViewController.m in Sources */,
				9A9C671419AD6C81007D3248 /* MSA.xcdatamodeld in Sources */,
				9A726F4E19C1880000CDF55D /* MsgMasterNavigationViewController.m in Sources */,
				9A726F6519C19FDE00CDF55D /* SystemDetailTableViewController.m in Sources */,
				9A953EE419AD84E7005467A1 /* DisplayViewController.m in Sources */,
				9A726F6419C19FDE00CDF55D /* SystemDetailNavigationViewController.m in Sources */,
				9A9C671119AD6C81007D3248 /* AppDelegate.m in Sources */,
				9A7422A519BDD2E400A251ED /* MsgDetailContainerViewController.m in Sources */,
				9A953EE619AD84E7005467A1 /* MenuViewController.m in Sources */,
				9ACA2EB919BD4651005542B5 /* MsgMasterTableViewController.m in Sources */,
				9A953EE319AD84E7005467A1 /* ConnectViewController.m in Sources */,
				9A726F6319C19FDE00CDF55D /* SystemDetailContainerViewController.m in Sources */,
				9A90589919C08EFD00B0B6AB /* MsgSplitViewController.m in Sources */,
				9A9C671719AD6C81007D3248 /* ContainerViewController.m in Sources */,
				9A726F5219C188C200CDF55D /* MsgDetailTableViewController.m in Sources */,
				9AAE0EBA19B466EF004D9146 /* MsgContainerViewController.m in Sources */,
				9A726F6819C19FEE00CDF55D /* SystemSplitViewController.m in Sources */,
				9A953EE919ADCBB6005467A1 /* ShareSettings.m in Sources */,
				9A726F5C19C19FC000CDF55D /* SystemMasterTableViewController.m in Sources */,
				9A9FFE7E19C0430800F76D38 /* MsgDetailNavigationViewController.m in Sources */,
				9A9C670E19AD6C81007D3248 /* main.m in Sources */,
				9A659BEB19B6DE9A00C30CE2 /* SystemContainerViewController.m in Sources */,
			);
			runOnlyForDeploymentPostprocessing = 0;
		};
		9A9C671D19AD6C81007D3248 /* Sources */ = {
			isa = PBXSourcesBuildPhase;
			buildActionMask = 2147483647;
			files = (
				9A9C672819AD6C81007D3248 /* MSATests.m in Sources */,
			);
			runOnlyForDeploymentPostprocessing = 0;
		};
/* End PBXSourcesBuildPhase section */

/* Begin PBXTargetDependency section */
		9A9C672319AD6C81007D3248 /* PBXTargetDependency */ = {
			isa = PBXTargetDependency;
			target = 9A9C670719AD6C81007D3248 /* MSA */;
			targetProxy = 9A9C672219AD6C81007D3248 /* PBXContainerItemProxy */;
		};
/* End PBXTargetDependency section */

/* Begin PBXVariantGroup section */
		9A9C671819AD6C81007D3248 /* Main.storyboard */ = {
			isa = PBXVariantGroup;
			children = (
				9A9C671919AD6C81007D3248 /* Base */,
			);
			name = Main.storyboard;
			sourceTree = "<group>";
		};
/* End PBXVariantGroup section */

/* Begin XCBuildConfiguration section */
		9A9C672919AD6C81007D3248 /* Debug */ = {
			isa = XCBuildConfiguration;
			buildSettings = {
				ALWAYS_SEARCH_USER_PATHS = NO;
				CLANG_CXX_LANGUAGE_STANDARD = "gnu++0x";
				CLANG_CXX_LIBRARY = "libc++";
				CLANG_ENABLE_MODULES = YES;
				CLANG_ENABLE_OBJC_ARC = YES;
				CLANG_WARN_BOOL_CONVERSION = YES;
				CLANG_WARN_CONSTANT_CONVERSION = YES;
				CLANG_WARN_DIRECT_OBJC_ISA_USAGE = YES_ERROR;
				CLANG_WARN_EMPTY_BODY = YES;
				CLANG_WARN_ENUM_CONVERSION = YES;
				CLANG_WARN_INT_CONVERSION = YES;
				CLANG_WARN_OBJC_ROOT_CLASS = YES_ERROR;
				CLANG_WARN_UNREACHABLE_CODE = YES;
				CLANG_WARN__DUPLICATE_METHOD_MATCH = YES;
				"CODE_SIGN_IDENTITY[sdk=iphoneos*]" = "iPhone Developer";
				COPY_PHASE_STRIP = NO;
				ENABLE_STRICT_OBJC_MSGSEND = YES;
				GCC_C_LANGUAGE_STANDARD = gnu99;
				GCC_DYNAMIC_NO_PIC = NO;
				GCC_OPTIMIZATION_LEVEL = 0;
				GCC_PREPROCESSOR_DEFINITIONS = (
					"DEBUG=1",
					"$(inherited)",
				);
				GCC_SYMBOLS_PRIVATE_EXTERN = NO;
				GCC_WARN_64_TO_32_BIT_CONVERSION = YES;
				GCC_WARN_ABOUT_RETURN_TYPE = YES_ERROR;
				GCC_WARN_UNDECLARED_SELECTOR = YES;
				GCC_WARN_UNINITIALIZED_AUTOS = YES_AGGRESSIVE;
				GCC_WARN_UNUSED_FUNCTION = YES;
				GCC_WARN_UNUSED_VARIABLE = YES;
				IPHONEOS_DEPLOYMENT_TARGET = 8.0;
				MTL_ENABLE_DEBUG_INFO = YES;
				ONLY_ACTIVE_ARCH = YES;
				SDKROOT = iphoneos;
				TARGETED_DEVICE_FAMILY = 2;
			};
			name = Debug;
		};
		9A9C672A19AD6C81007D3248 /* Release */ = {
			isa = XCBuildConfiguration;
			buildSettings = {
				ALWAYS_SEARCH_USER_PATHS = NO;
				CLANG_CXX_LANGUAGE_STANDARD = "gnu++0x";
				CLANG_CXX_LIBRARY = "libc++";
				CLANG_ENABLE_MODULES = YES;
				CLANG_ENABLE_OBJC_ARC = YES;
				CLANG_WARN_BOOL_CONVERSION = YES;
				CLANG_WARN_CONSTANT_CONVERSION = YES;
				CLANG_WARN_DIRECT_OBJC_ISA_USAGE = YES_ERROR;
				CLANG_WARN_EMPTY_BODY = YES;
				CLANG_WARN_ENUM_CONVERSION = YES;
				CLANG_WARN_INT_CONVERSION = YES;
				CLANG_WARN_OBJC_ROOT_CLASS = YES_ERROR;
				CLANG_WARN_UNREACHABLE_CODE = YES;
				CLANG_WARN__DUPLICATE_METHOD_MATCH = YES;
				"CODE_SIGN_IDENTITY[sdk=iphoneos*]" = "iPhone Developer";
				COPY_PHASE_STRIP = YES;
				ENABLE_NS_ASSERTIONS = NO;
				ENABLE_STRICT_OBJC_MSGSEND = YES;
				GCC_C_LANGUAGE_STANDARD = gnu99;
				GCC_WARN_64_TO_32_BIT_CONVERSION = YES;
				GCC_WARN_ABOUT_RETURN_TYPE = YES_ERROR;
				GCC_WARN_UNDECLARED_SELECTOR = YES;
				GCC_WARN_UNINITIALIZED_AUTOS = YES_AGGRESSIVE;
				GCC_WARN_UNUSED_FUNCTION = YES;
				GCC_WARN_UNUSED_VARIABLE = YES;
				IPHONEOS_DEPLOYMENT_TARGET = 8.0;
				MTL_ENABLE_DEBUG_INFO = NO;
				SDKROOT = iphoneos;
				TARGETED_DEVICE_FAMILY = 2;
				VALIDATE_PRODUCT = YES;
			};
			name = Release;
		};
		9A9C672C19AD6C81007D3248 /* Debug */ = {
			isa = XCBuildConfiguration;
			buildSettings = {
				ASSETCATALOG_COMPILER_APPICON_NAME = AppIcon;
				ASSETCATALOG_COMPILER_LAUNCHIMAGE_NAME = LaunchImage;
				INFOPLIST_FILE = MSA/Info.plist;
				LD_RUNPATH_SEARCH_PATHS = "$(inherited) @executable_path/Frameworks";
				PRODUCT_NAME = "$(TARGET_NAME)";
			};
			name = Debug;
		};
		9A9C672D19AD6C81007D3248 /* Release */ = {
			isa = XCBuildConfiguration;
			buildSettings = {
				ASSETCATALOG_COMPILER_APPICON_NAME = AppIcon;
				ASSETCATALOG_COMPILER_LAUNCHIMAGE_NAME = LaunchImage;
				INFOPLIST_FILE = MSA/Info.plist;
				LD_RUNPATH_SEARCH_PATHS = "$(inherited) @executable_path/Frameworks";
				PRODUCT_NAME = "$(TARGET_NAME)";
			};
			name = Release;
		};
		9A9C672F19AD6C81007D3248 /* Debug */ = {
			isa = XCBuildConfiguration;
			buildSettings = {
				BUNDLE_LOADER = "$(TEST_HOST)";
				FRAMEWORK_SEARCH_PATHS = (
					"$(SDKROOT)/Developer/Library/Frameworks",
					"$(inherited)",
				);
				GCC_PREPROCESSOR_DEFINITIONS = (
					"DEBUG=1",
					"$(inherited)",
				);
				INFOPLIST_FILE = MSATests/Info.plist;
				LD_RUNPATH_SEARCH_PATHS = "$(inherited) @executable_path/Frameworks @loader_path/Frameworks";
				PRODUCT_NAME = "$(TARGET_NAME)";
				TEST_HOST = "$(BUILT_PRODUCTS_DIR)/MSA.app/MSA";
			};
			name = Debug;
		};
		9A9C673019AD6C81007D3248 /* Release */ = {
			isa = XCBuildConfiguration;
			buildSettings = {
				BUNDLE_LOADER = "$(TEST_HOST)";
				FRAMEWORK_SEARCH_PATHS = (
					"$(SDKROOT)/Developer/Library/Frameworks",
					"$(inherited)",
				);
				INFOPLIST_FILE = MSATests/Info.plist;
				LD_RUNPATH_SEARCH_PATHS = "$(inherited) @executable_path/Frameworks @loader_path/Frameworks";
				PRODUCT_NAME = "$(TARGET_NAME)";
				TEST_HOST = "$(BUILT_PRODUCTS_DIR)/MSA.app/MSA";
			};
			name = Release;
		};
/* End XCBuildConfiguration section */

/* Begin XCConfigurationList section */
		9A9C670319AD6C80007D3248 /* Build configuration list for PBXProject "MSA" */ = {
			isa = XCConfigurationList;
			buildConfigurations = (
				9A9C672919AD6C81007D3248 /* Debug */,
				9A9C672A19AD6C81007D3248 /* Release */,
			);
			defaultConfigurationIsVisible = 0;
			defaultConfigurationName = Release;
		};
		9A9C672B19AD6C81007D3248 /* Build configuration list for PBXNativeTarget "MSA" */ = {
			isa = XCConfigurationList;
			buildConfigurations = (
				9A9C672C19AD6C81007D3248 /* Debug */,
				9A9C672D19AD6C81007D3248 /* Release */,
			);
			defaultConfigurationIsVisible = 0;
			defaultConfigurationName = Release;
		};
		9A9C672E19AD6C81007D3248 /* Build configuration list for PBXNativeTarget "MSATests" */ = {
			isa = XCConfigurationList;
			buildConfigurations = (
				9A9C672F19AD6C81007D3248 /* Debug */,
				9A9C673019AD6C81007D3248 /* Release */,
			);
			defaultConfigurationIsVisible = 0;
			defaultConfigurationName = Release;
		};
/* End XCConfigurationList section */

/* Begin XCVersionGroup section */
		9A9C671219AD6C81007D3248 /* MSA.xcdatamodeld */ = {
			isa = XCVersionGroup;
			children = (
				9A9C671319AD6C81007D3248 /* MSA.xcdatamodel */,
			);
			currentVersion = 9A9C671319AD6C81007D3248 /* MSA.xcdatamodel */;
			path = MSA.xcdatamodeld;
			sourceTree = "<group>";
			versionGroupType = wrapper.xcdatamodel;
		};
/* End XCVersionGroup section */
	};
	rootObject = 9A9C670019AD6C80007D3248 /* Project object */;
}
